// !$*UTF8*$!
{
	archiveVersion = 1;
	classes = {
	};
	objectVersion = 56;
	objects = {

/* Begin PBXBuildFile section */
		5E89C5072B909BEA0021D3E1 /* RecipesCustomCell.swift in Sources */ = {isa = PBXBuildFile; fileRef = 5E89C5062B909BE90021D3E1 /* RecipesCustomCell.swift */; };
		5E89C5092B9102100021D3E1 /* RecipesCategories.swift in Sources */ = {isa = PBXBuildFile; fileRef = 5E89C5082B9102100021D3E1 /* RecipesCategories.swift */; };
		5E89C50B2B9107F60021D3E1 /* DishCategory.swift in Sources */ = {isa = PBXBuildFile; fileRef = 5E89C50A2B9107F60021D3E1 /* DishCategory.swift */; };
		5E89C56E2B93AF6A0021D3E1 /* RecipeDescriptionController.swift in Sources */ = {isa = PBXBuildFile; fileRef = 5E89C56D2B93AF6A0021D3E1 /* RecipeDescriptionController.swift */; };
		5E89C5702B93AFA40021D3E1 /* RecipeImageCell.swift in Sources */ = {isa = PBXBuildFile; fileRef = 5E89C56F2B93AFA40021D3E1 /* RecipeImageCell.swift */; };
		5E89C5722B93AFD20021D3E1 /* RecipeTextCell.swift in Sources */ = {isa = PBXBuildFile; fileRef = 5E89C5712B93AFD20021D3E1 /* RecipeTextCell.swift */; };
		5E89C5742B93AFF80021D3E1 /* RecipeECFTCell.swift in Sources */ = {isa = PBXBuildFile; fileRef = 5E89C5732B93AFF80021D3E1 /* RecipeECFTCell.swift */; };
		7F64F6382B95987500CA9D49 /* FavoritesCoordinator.swift in Sources */ = {isa = PBXBuildFile; fileRef = 7F64F6332B95987400CA9D49 /* FavoritesCoordinator.swift */; };
		7F64F6392B95987500CA9D49 /* FavoritesBuilder.swift in Sources */ = {isa = PBXBuildFile; fileRef = 7F64F6342B95987400CA9D49 /* FavoritesBuilder.swift */; };
		7F64F63A2B95987500CA9D49 /* EmptyView.swift in Sources */ = {isa = PBXBuildFile; fileRef = 7F64F6352B95987400CA9D49 /* EmptyView.swift */; };
		7F64F63B2B95987500CA9D49 /* FavoritesViewController.swift in Sources */ = {isa = PBXBuildFile; fileRef = 7F64F6362B95987400CA9D49 /* FavoritesViewController.swift */; };
		7F64F63C2B95987500CA9D49 /* FavoritesPresenter.swift in Sources */ = {isa = PBXBuildFile; fileRef = 7F64F6372B95987400CA9D49 /* FavoritesPresenter.swift */; };
		7F64F63E2B95989D00CA9D49 /* Service.swift in Sources */ = {isa = PBXBuildFile; fileRef = 7F64F63D2B95989D00CA9D49 /* Service.swift */; };
		7F64F6442B959AD600CA9D49 /* RecipeTextCell.swift in Sources */ = {isa = PBXBuildFile; fileRef = 7F64F6402B959AD600CA9D49 /* RecipeTextCell.swift */; };
		7F64F6452B959AD600CA9D49 /* RecipeDescriptionController.swift in Sources */ = {isa = PBXBuildFile; fileRef = 7F64F6412B959AD600CA9D49 /* RecipeDescriptionController.swift */; };
		7F64F6462B959AD600CA9D49 /* RecipeImageCell.swift in Sources */ = {isa = PBXBuildFile; fileRef = 7F64F6422B959AD600CA9D49 /* RecipeImageCell.swift */; };
		7F64F6472B959AD600CA9D49 /* RecipeECFTCell.swift in Sources */ = {isa = PBXBuildFile; fileRef = 7F64F6432B959AD600CA9D49 /* RecipeECFTCell.swift */; };
		7FCDDBF82B91BC700065E4E5 /* Extension+UITextField.swift in Sources */ = {isa = PBXBuildFile; fileRef = 7FCDDBEE2B91BC700065E4E5 /* Extension+UITextField.swift */; };
		7FCDDBF92B91BC700065E4E5 /* CategoryPresenter.swift in Sources */ = {isa = PBXBuildFile; fileRef = 7FCDDBEF2B91BC700065E4E5 /* CategoryPresenter.swift */; };
		7FCDDBFA2B91BC700065E4E5 /* CategoryCoordinator.swift in Sources */ = {isa = PBXBuildFile; fileRef = 7FCDDBF02B91BC700065E4E5 /* CategoryCoordinator.swift */; };
		7FCDDBFB2B91BC700065E4E5 /* FoodModel.swift in Sources */ = {isa = PBXBuildFile; fileRef = 7FCDDBF22B91BC700065E4E5 /* FoodModel.swift */; };
		7FCDDBFC2B91BC700065E4E5 /* CategoryViewController.swift in Sources */ = {isa = PBXBuildFile; fileRef = 7FCDDBF32B91BC700065E4E5 /* CategoryViewController.swift */; };
		7FCDDBFD2B91BC700065E4E5 /* CategoriesTableViewCell.swift in Sources */ = {isa = PBXBuildFile; fileRef = 7FCDDBF52B91BC700065E4E5 /* CategoriesTableViewCell.swift */; };
		7FCDDBFE2B91BC700065E4E5 /* FilterTableViewCell.swift in Sources */ = {isa = PBXBuildFile; fileRef = 7FCDDBF62B91BC700065E4E5 /* FilterTableViewCell.swift */; };
		7FCDDBFF2B91BC700065E4E5 /* SearchTableViewCell.swift in Sources */ = {isa = PBXBuildFile; fileRef = 7FCDDBF72B91BC700065E4E5 /* SearchTableViewCell.swift */; };
		7FE563822B8CD095002562F3 /* AppDelegate.swift in Sources */ = {isa = PBXBuildFile; fileRef = 7FE563812B8CD095002562F3 /* AppDelegate.swift */; };
		7FE563842B8CD095002562F3 /* SceneDelegate.swift in Sources */ = {isa = PBXBuildFile; fileRef = 7FE563832B8CD095002562F3 /* SceneDelegate.swift */; };
		7FE563892B8CD095002562F3 /* Main.storyboard in Resources */ = {isa = PBXBuildFile; fileRef = 7FE563872B8CD095002562F3 /* Main.storyboard */; };
		7FE5638B2B8CD097002562F3 /* Assets.xcassets in Resources */ = {isa = PBXBuildFile; fileRef = 7FE5638A2B8CD097002562F3 /* Assets.xcassets */; };
		7FE5638E2B8CD097002562F3 /* LaunchScreen.storyboard in Resources */ = {isa = PBXBuildFile; fileRef = 7FE5638C2B8CD097002562F3 /* LaunchScreen.storyboard */; };
		7FE563A02B8D0998002562F3 /* TabBarViewController.swift in Sources */ = {isa = PBXBuildFile; fileRef = 7FE5639F2B8D0998002562F3 /* TabBarViewController.swift */; };
		7FE563A52B8D0DA2002562F3 /* RecipesViewController.swift in Sources */ = {isa = PBXBuildFile; fileRef = 7FE563A42B8D0DA2002562F3 /* RecipesViewController.swift */; };
		7FE563AB2B8D0EF1002562F3 /* ProfileViewController.swift in Sources */ = {isa = PBXBuildFile; fileRef = 7FE563AA2B8D0EF1002562F3 /* ProfileViewController.swift */; };
		7FE563AD2B8D1BCE002562F3 /* RecipesPresenter.swift in Sources */ = {isa = PBXBuildFile; fileRef = 7FE563AC2B8D1BCE002562F3 /* RecipesPresenter.swift */; };
		7FE563AF2B8D23F5002562F3 /* RecipesBuilder.swift in Sources */ = {isa = PBXBuildFile; fileRef = 7FE563AE2B8D23F5002562F3 /* RecipesBuilder.swift */; };
		7FE563C12B8DC5D2002562F3 /* RecipeModel.swift in Sources */ = {isa = PBXBuildFile; fileRef = 7FE563C02B8DC5D2002562F3 /* RecipeModel.swift */; };
		7FE563C32B8DE487002562F3 /* HeaderView.swift in Sources */ = {isa = PBXBuildFile; fileRef = 7FE563C22B8DE487002562F3 /* HeaderView.swift */; };
		7FE563C52B8DF24B002562F3 /* ProfileTableViewCell.swift in Sources */ = {isa = PBXBuildFile; fileRef = 7FE563C42B8DF24B002562F3 /* ProfileTableViewCell.swift */; };
		7FE563E92B8E0F5D002562F3 /* ProfilePresenter.swift in Sources */ = {isa = PBXBuildFile; fileRef = 7FE563E82B8E0F5D002562F3 /* ProfilePresenter.swift */; };
		7FE563EB2B8E1018002562F3 /* ProfileModel.swift in Sources */ = {isa = PBXBuildFile; fileRef = 7FE563EA2B8E1018002562F3 /* ProfileModel.swift */; };
		7FE563ED2B8E12A1002562F3 /* ProfileBuilder.swift in Sources */ = {isa = PBXBuildFile; fileRef = 7FE563EC2B8E12A1002562F3 /* ProfileBuilder.swift */; };
		7FE563EF2B8E2E8C002562F3 /* DetentsViewController.swift in Sources */ = {isa = PBXBuildFile; fileRef = 7FE563EE2B8E2E8C002562F3 /* DetentsViewController.swift */; };
		7FE564242B8E5239002562F3 /* BaseCoordinator.swift in Sources */ = {isa = PBXBuildFile; fileRef = 7FE564232B8E5239002562F3 /* BaseCoordinator.swift */; };
		7FE564282B8E5285002562F3 /* AppCoordinator.swift in Sources */ = {isa = PBXBuildFile; fileRef = 7FE564272B8E5285002562F3 /* AppCoordinator.swift */; };
		7FE5642F2B8F011C002562F3 /* RecipeCoordinator.swift in Sources */ = {isa = PBXBuildFile; fileRef = 7FE5642E2B8F011C002562F3 /* RecipeCoordinator.swift */; };
		7FE564782B8F2871002562F3 /* AuthorizationPresenter.swift in Sources */ = {isa = PBXBuildFile; fileRef = 7FE564752B8F2871002562F3 /* AuthorizationPresenter.swift */; };
		7FE564792B8F2871002562F3 /* AuthorizationViewController.swift in Sources */ = {isa = PBXBuildFile; fileRef = 7FE564762B8F2871002562F3 /* AuthorizationViewController.swift */; };
		7FE5647A2B8F2871002562F3 /* AuthorizationModel.swift in Sources */ = {isa = PBXBuildFile; fileRef = 7FE564772B8F2871002562F3 /* AuthorizationModel.swift */; };
		7FE564822B8F567F002562F3 /* ProfileCoordinator.swift in Sources */ = {isa = PBXBuildFile; fileRef = 7FE564812B8F567F002562F3 /* ProfileCoordinator.swift */; };
		7FE564842B8F628B002562F3 /* AuthorizationCoordinator.swift in Sources */ = {isa = PBXBuildFile; fileRef = 7FE564832B8F628B002562F3 /* AuthorizationCoordinator.swift */; };
/* End PBXBuildFile section */

/* Begin PBXContainerItemProxy section */
		7FE563BA2B8DBC95002562F3 /* PBXContainerItemProxy */ = {
			isa = PBXContainerItemProxy;
			containerPortal = 7FE563762B8CD095002562F3 /* Project object */;
			proxyType = 1;
			remoteGlobalIDString = 7FE5637D2B8CD095002562F3;
			remoteInfo = RecipeApp;
		};
/* End PBXContainerItemProxy section */

/* Begin PBXFileReference section */
		5E89C5062B909BE90021D3E1 /* RecipesCustomCell.swift */ = {isa = PBXFileReference; lastKnownFileType = sourcecode.swift; path = RecipesCustomCell.swift; sourceTree = "<group>"; };
		5E89C5082B9102100021D3E1 /* RecipesCategories.swift */ = {isa = PBXFileReference; lastKnownFileType = sourcecode.swift; path = RecipesCategories.swift; sourceTree = "<group>"; };
		5E89C50A2B9107F60021D3E1 /* DishCategory.swift */ = {isa = PBXFileReference; lastKnownFileType = sourcecode.swift; path = DishCategory.swift; sourceTree = "<group>"; };
		5E89C56D2B93AF6A0021D3E1 /* RecipeDescriptionController.swift */ = {isa = PBXFileReference; lastKnownFileType = sourcecode.swift; path = RecipeDescriptionController.swift; sourceTree = "<group>"; };
		5E89C56F2B93AFA40021D3E1 /* RecipeImageCell.swift */ = {isa = PBXFileReference; lastKnownFileType = sourcecode.swift; path = RecipeImageCell.swift; sourceTree = "<group>"; };
		5E89C5712B93AFD20021D3E1 /* RecipeTextCell.swift */ = {isa = PBXFileReference; lastKnownFileType = sourcecode.swift; path = RecipeTextCell.swift; sourceTree = "<group>"; };
		5E89C5732B93AFF80021D3E1 /* RecipeECFTCell.swift */ = {isa = PBXFileReference; lastKnownFileType = sourcecode.swift; path = RecipeECFTCell.swift; sourceTree = "<group>"; };
		7F64F6332B95987400CA9D49 /* FavoritesCoordinator.swift */ = {isa = PBXFileReference; fileEncoding = 4; lastKnownFileType = sourcecode.swift; path = FavoritesCoordinator.swift; sourceTree = "<group>"; };
		7F64F6342B95987400CA9D49 /* FavoritesBuilder.swift */ = {isa = PBXFileReference; fileEncoding = 4; lastKnownFileType = sourcecode.swift; path = FavoritesBuilder.swift; sourceTree = "<group>"; };
		7F64F6352B95987400CA9D49 /* EmptyView.swift */ = {isa = PBXFileReference; fileEncoding = 4; lastKnownFileType = sourcecode.swift; path = EmptyView.swift; sourceTree = "<group>"; };
		7F64F6362B95987400CA9D49 /* FavoritesViewController.swift */ = {isa = PBXFileReference; fileEncoding = 4; lastKnownFileType = sourcecode.swift; path = FavoritesViewController.swift; sourceTree = "<group>"; };
		7F64F6372B95987400CA9D49 /* FavoritesPresenter.swift */ = {isa = PBXFileReference; fileEncoding = 4; lastKnownFileType = sourcecode.swift; path = FavoritesPresenter.swift; sourceTree = "<group>"; };
		7F64F63D2B95989D00CA9D49 /* Service.swift */ = {isa = PBXFileReference; fileEncoding = 4; lastKnownFileType = sourcecode.swift; path = Service.swift; sourceTree = "<group>"; };
		7F64F6402B959AD600CA9D49 /* RecipeTextCell.swift */ = {isa = PBXFileReference; fileEncoding = 4; lastKnownFileType = sourcecode.swift; path = RecipeTextCell.swift; sourceTree = "<group>"; };
		7F64F6412B959AD600CA9D49 /* RecipeDescriptionController.swift */ = {isa = PBXFileReference; fileEncoding = 4; lastKnownFileType = sourcecode.swift; path = RecipeDescriptionController.swift; sourceTree = "<group>"; };
		7F64F6422B959AD600CA9D49 /* RecipeImageCell.swift */ = {isa = PBXFileReference; fileEncoding = 4; lastKnownFileType = sourcecode.swift; path = RecipeImageCell.swift; sourceTree = "<group>"; };
		7F64F6432B959AD600CA9D49 /* RecipeECFTCell.swift */ = {isa = PBXFileReference; fileEncoding = 4; lastKnownFileType = sourcecode.swift; path = RecipeECFTCell.swift; sourceTree = "<group>"; };
		7FCDDBEE2B91BC700065E4E5 /* Extension+UITextField.swift */ = {isa = PBXFileReference; fileEncoding = 4; lastKnownFileType = sourcecode.swift; path = "Extension+UITextField.swift"; sourceTree = "<group>"; };
		7FCDDBEF2B91BC700065E4E5 /* CategoryPresenter.swift */ = {isa = PBXFileReference; fileEncoding = 4; lastKnownFileType = sourcecode.swift; path = CategoryPresenter.swift; sourceTree = "<group>"; };
		7FCDDBF02B91BC700065E4E5 /* CategoryCoordinator.swift */ = {isa = PBXFileReference; fileEncoding = 4; lastKnownFileType = sourcecode.swift; path = CategoryCoordinator.swift; sourceTree = "<group>"; };
		7FCDDBF22B91BC700065E4E5 /* FoodModel.swift */ = {isa = PBXFileReference; fileEncoding = 4; lastKnownFileType = sourcecode.swift; path = FoodModel.swift; sourceTree = "<group>"; };
		7FCDDBF32B91BC700065E4E5 /* CategoryViewController.swift */ = {isa = PBXFileReference; fileEncoding = 4; lastKnownFileType = sourcecode.swift; path = CategoryViewController.swift; sourceTree = "<group>"; };
		7FCDDBF52B91BC700065E4E5 /* CategoriesTableViewCell.swift */ = {isa = PBXFileReference; fileEncoding = 4; lastKnownFileType = sourcecode.swift; path = CategoriesTableViewCell.swift; sourceTree = "<group>"; };
		7FCDDBF62B91BC700065E4E5 /* FilterTableViewCell.swift */ = {isa = PBXFileReference; fileEncoding = 4; lastKnownFileType = sourcecode.swift; path = FilterTableViewCell.swift; sourceTree = "<group>"; };
		7FCDDBF72B91BC700065E4E5 /* SearchTableViewCell.swift */ = {isa = PBXFileReference; fileEncoding = 4; lastKnownFileType = sourcecode.swift; path = SearchTableViewCell.swift; sourceTree = "<group>"; };
		7FE5637E2B8CD095002562F3 /* RecipeApp.app */ = {isa = PBXFileReference; explicitFileType = wrapper.application; includeInIndex = 0; path = RecipeApp.app; sourceTree = BUILT_PRODUCTS_DIR; };
		7FE563812B8CD095002562F3 /* AppDelegate.swift */ = {isa = PBXFileReference; lastKnownFileType = sourcecode.swift; path = AppDelegate.swift; sourceTree = "<group>"; };
		7FE563832B8CD095002562F3 /* SceneDelegate.swift */ = {isa = PBXFileReference; lastKnownFileType = sourcecode.swift; path = SceneDelegate.swift; sourceTree = "<group>"; };
		7FE563882B8CD095002562F3 /* Base */ = {isa = PBXFileReference; lastKnownFileType = file.storyboard; name = Base; path = Base.lproj/Main.storyboard; sourceTree = "<group>"; };
		7FE5638A2B8CD097002562F3 /* Assets.xcassets */ = {isa = PBXFileReference; lastKnownFileType = folder.assetcatalog; path = Assets.xcassets; sourceTree = "<group>"; };
		7FE5638D2B8CD097002562F3 /* Base */ = {isa = PBXFileReference; lastKnownFileType = file.storyboard; name = Base; path = Base.lproj/LaunchScreen.storyboard; sourceTree = "<group>"; };
		7FE5638F2B8CD097002562F3 /* Info.plist */ = {isa = PBXFileReference; lastKnownFileType = text.plist.xml; path = Info.plist; sourceTree = "<group>"; };
		7FE5639F2B8D0998002562F3 /* TabBarViewController.swift */ = {isa = PBXFileReference; lastKnownFileType = sourcecode.swift; path = TabBarViewController.swift; sourceTree = "<group>"; };
		7FE563A42B8D0DA2002562F3 /* RecipesViewController.swift */ = {isa = PBXFileReference; lastKnownFileType = sourcecode.swift; path = RecipesViewController.swift; sourceTree = "<group>"; };
		7FE563AA2B8D0EF1002562F3 /* ProfileViewController.swift */ = {isa = PBXFileReference; lastKnownFileType = sourcecode.swift; path = ProfileViewController.swift; sourceTree = "<group>"; };
		7FE563AC2B8D1BCE002562F3 /* RecipesPresenter.swift */ = {isa = PBXFileReference; lastKnownFileType = sourcecode.swift; path = RecipesPresenter.swift; sourceTree = "<group>"; };
		7FE563AE2B8D23F5002562F3 /* RecipesBuilder.swift */ = {isa = PBXFileReference; lastKnownFileType = sourcecode.swift; path = RecipesBuilder.swift; sourceTree = "<group>"; };
		7FE563B62B8DBC95002562F3 /* RecipeAppTests.xctest */ = {isa = PBXFileReference; explicitFileType = wrapper.cfbundle; includeInIndex = 0; path = RecipeAppTests.xctest; sourceTree = BUILT_PRODUCTS_DIR; };
		7FE563C02B8DC5D2002562F3 /* RecipeModel.swift */ = {isa = PBXFileReference; lastKnownFileType = sourcecode.swift; path = RecipeModel.swift; sourceTree = "<group>"; };
		7FE563C22B8DE487002562F3 /* HeaderView.swift */ = {isa = PBXFileReference; lastKnownFileType = sourcecode.swift; path = HeaderView.swift; sourceTree = "<group>"; };
		7FE563C42B8DF24B002562F3 /* ProfileTableViewCell.swift */ = {isa = PBXFileReference; lastKnownFileType = sourcecode.swift; path = ProfileTableViewCell.swift; sourceTree = "<group>"; };
		7FE563E82B8E0F5D002562F3 /* ProfilePresenter.swift */ = {isa = PBXFileReference; lastKnownFileType = sourcecode.swift; path = ProfilePresenter.swift; sourceTree = "<group>"; };
		7FE563EA2B8E1018002562F3 /* ProfileModel.swift */ = {isa = PBXFileReference; lastKnownFileType = sourcecode.swift; path = ProfileModel.swift; sourceTree = "<group>"; };
		7FE563EC2B8E12A1002562F3 /* ProfileBuilder.swift */ = {isa = PBXFileReference; lastKnownFileType = sourcecode.swift; path = ProfileBuilder.swift; sourceTree = "<group>"; };
		7FE563EE2B8E2E8C002562F3 /* DetentsViewController.swift */ = {isa = PBXFileReference; lastKnownFileType = sourcecode.swift; path = DetentsViewController.swift; sourceTree = "<group>"; };
		7FE564232B8E5239002562F3 /* BaseCoordinator.swift */ = {isa = PBXFileReference; lastKnownFileType = sourcecode.swift; path = BaseCoordinator.swift; sourceTree = "<group>"; };
		7FE564272B8E5285002562F3 /* AppCoordinator.swift */ = {isa = PBXFileReference; lastKnownFileType = sourcecode.swift; path = AppCoordinator.swift; sourceTree = "<group>"; };
		7FE5642E2B8F011C002562F3 /* RecipeCoordinator.swift */ = {isa = PBXFileReference; lastKnownFileType = sourcecode.swift; path = RecipeCoordinator.swift; sourceTree = "<group>"; };
		7FE564752B8F2871002562F3 /* AuthorizationPresenter.swift */ = {isa = PBXFileReference; fileEncoding = 4; lastKnownFileType = sourcecode.swift; path = AuthorizationPresenter.swift; sourceTree = "<group>"; };
		7FE564762B8F2871002562F3 /* AuthorizationViewController.swift */ = {isa = PBXFileReference; fileEncoding = 4; lastKnownFileType = sourcecode.swift; path = AuthorizationViewController.swift; sourceTree = "<group>"; };
		7FE564772B8F2871002562F3 /* AuthorizationModel.swift */ = {isa = PBXFileReference; fileEncoding = 4; lastKnownFileType = sourcecode.swift; path = AuthorizationModel.swift; sourceTree = "<group>"; };
		7FE564812B8F567F002562F3 /* ProfileCoordinator.swift */ = {isa = PBXFileReference; lastKnownFileType = sourcecode.swift; path = ProfileCoordinator.swift; sourceTree = "<group>"; };
		7FE564832B8F628B002562F3 /* AuthorizationCoordinator.swift */ = {isa = PBXFileReference; lastKnownFileType = sourcecode.swift; path = AuthorizationCoordinator.swift; sourceTree = "<group>"; };
/* End PBXFileReference section */

/* Begin PBXFrameworksBuildPhase section */
		7FE5637B2B8CD095002562F3 /* Frameworks */ = {
			isa = PBXFrameworksBuildPhase;
			buildActionMask = 2147483647;
			files = (
			);
			runOnlyForDeploymentPostprocessing = 0;
		};
		7FE563B32B8DBC95002562F3 /* Frameworks */ = {
			isa = PBXFrameworksBuildPhase;
			buildActionMask = 2147483647;
			files = (
			);
			runOnlyForDeploymentPostprocessing = 0;
		};
/* End PBXFrameworksBuildPhase section */

/* Begin PBXGroup section */
		5E89C56C2B93AF190021D3E1 /* RecipeDescription */ = {
			isa = PBXGroup;
			children = (
				5E89C56D2B93AF6A0021D3E1 /* RecipeDescriptionController.swift */,
				5E89C56F2B93AFA40021D3E1 /* RecipeImageCell.swift */,
				5E89C5732B93AFF80021D3E1 /* RecipeECFTCell.swift */,
				5E89C5712B93AFD20021D3E1 /* RecipeTextCell.swift */,
			);
			path = RecipeDescription;
			sourceTree = "<group>";
		};
		7F64F6322B95987400CA9D49 /* Favorites */ = {
			isa = PBXGroup;
			children = (
				7F64F6332B95987400CA9D49 /* FavoritesCoordinator.swift */,
				7F64F6342B95987400CA9D49 /* FavoritesBuilder.swift */,
				7F64F6352B95987400CA9D49 /* EmptyView.swift */,
				7F64F6362B95987400CA9D49 /* FavoritesViewController.swift */,
				7F64F6372B95987400CA9D49 /* FavoritesPresenter.swift */,
			);
			path = Favorites;
			sourceTree = "<group>";
		};
		7F64F63F2B959AD600CA9D49 /* RecipeDescription */ = {
			isa = PBXGroup;
			children = (
				7F64F6402B959AD600CA9D49 /* RecipeTextCell.swift */,
				7F64F6412B959AD600CA9D49 /* RecipeDescriptionController.swift */,
				7F64F6422B959AD600CA9D49 /* RecipeImageCell.swift */,
				7F64F6432B959AD600CA9D49 /* RecipeECFTCell.swift */,
			);
			path = RecipeDescription;
			sourceTree = "<group>";
		};
		7FCDDBED2B91BC700065E4E5 /* Category */ = {
			isa = PBXGroup;
			children = (
				7FCDDBEE2B91BC700065E4E5 /* Extension+UITextField.swift */,
				7FCDDBEF2B91BC700065E4E5 /* CategoryPresenter.swift */,
				7FCDDBF02B91BC700065E4E5 /* CategoryCoordinator.swift */,
				7FCDDBF12B91BC700065E4E5 /* Model */,
				7FCDDBF32B91BC700065E4E5 /* CategoryViewController.swift */,
				7FCDDBF42B91BC700065E4E5 /* Views */,
			);
			path = Category;
			sourceTree = "<group>";
		};
		7FCDDBF12B91BC700065E4E5 /* Model */ = {
			isa = PBXGroup;
			children = (
				7FCDDBF22B91BC700065E4E5 /* FoodModel.swift */,
			);
			path = Model;
			sourceTree = "<group>";
		};
		7FCDDBF42B91BC700065E4E5 /* Views */ = {
			isa = PBXGroup;
			children = (
				7FCDDBF52B91BC700065E4E5 /* CategoriesTableViewCell.swift */,
				7FCDDBF62B91BC700065E4E5 /* FilterTableViewCell.swift */,
				7FCDDBF72B91BC700065E4E5 /* SearchTableViewCell.swift */,
			);
			path = Views;
			sourceTree = "<group>";
		};
		7FE563752B8CD095002562F3 = {
			isa = PBXGroup;
			children = (
				7FE563802B8CD095002562F3 /* RecipeApp */,
				7FE5637F2B8CD095002562F3 /* Products */,
			);
			sourceTree = "<group>";
		};
		7FE5637F2B8CD095002562F3 /* Products */ = {
			isa = PBXGroup;
			children = (
				7FE5637E2B8CD095002562F3 /* RecipeApp.app */,
				7FE563B62B8DBC95002562F3 /* RecipeAppTests.xctest */,
			);
			name = Products;
			sourceTree = "<group>";
		};
		7FE563802B8CD095002562F3 /* RecipeApp */ = {
			isa = PBXGroup;
			children = (
				7F64F63F2B959AD600CA9D49 /* RecipeDescription */,
				7F64F63D2B95989D00CA9D49 /* Service.swift */,
				7F64F6322B95987400CA9D49 /* Favorites */,
				7FCDDBED2B91BC700065E4E5 /* Category */,
				7FE564742B8F2871002562F3 /* AuthorizationViewController */,
				7FE563A92B8D0EE5002562F3 /* Profile */,
				7FE563A32B8D0D8E002562F3 /* Recipes */,
				7FE5639E2B8D0983002562F3 /* TabBarController */,
				7FE5639D2B8D0964002562F3 /* App */,
				7FE564232B8E5239002562F3 /* BaseCoordinator.swift */,
				7FE564272B8E5285002562F3 /* AppCoordinator.swift */,
				5E89C56C2B93AF190021D3E1 /* RecipeDescription */,
			);
			path = RecipeApp;
			sourceTree = "<group>";
		};
		7FE5639D2B8D0964002562F3 /* App */ = {
			isa = PBXGroup;
			children = (
				7FE563832B8CD095002562F3 /* SceneDelegate.swift */,
				7FE563812B8CD095002562F3 /* AppDelegate.swift */,
				7FE563872B8CD095002562F3 /* Main.storyboard */,
				7FE5638C2B8CD097002562F3 /* LaunchScreen.storyboard */,
				7FE5638A2B8CD097002562F3 /* Assets.xcassets */,
				7FE5638F2B8CD097002562F3 /* Info.plist */,
			);
			path = App;
			sourceTree = "<group>";
		};
		7FE5639E2B8D0983002562F3 /* TabBarController */ = {
			isa = PBXGroup;
			children = (
				7FE5639F2B8D0998002562F3 /* TabBarViewController.swift */,
			);
			path = TabBarController;
			sourceTree = "<group>";
		};
		7FE563A32B8D0D8E002562F3 /* Recipes */ = {
			isa = PBXGroup;
			children = (
				7FE563A42B8D0DA2002562F3 /* RecipesViewController.swift */,
				5E89C5082B9102100021D3E1 /* RecipesCategories.swift */,
				5E89C5062B909BE90021D3E1 /* RecipesCustomCell.swift */,
				7FE563AC2B8D1BCE002562F3 /* RecipesPresenter.swift */,
				7FE563C02B8DC5D2002562F3 /* RecipeModel.swift */,
				5E89C50A2B9107F60021D3E1 /* DishCategory.swift */,
				7FE563AE2B8D23F5002562F3 /* RecipesBuilder.swift */,
				7FE5642E2B8F011C002562F3 /* RecipeCoordinator.swift */,
			);
			path = Recipes;
			sourceTree = "<group>";
		};
		7FE563A92B8D0EE5002562F3 /* Profile */ = {
			isa = PBXGroup;
			children = (
				7FE563AA2B8D0EF1002562F3 /* ProfileViewController.swift */,
				7FE563C22B8DE487002562F3 /* HeaderView.swift */,
				7FE563C42B8DF24B002562F3 /* ProfileTableViewCell.swift */,
				7FE563E82B8E0F5D002562F3 /* ProfilePresenter.swift */,
				7FE563EA2B8E1018002562F3 /* ProfileModel.swift */,
				7FE563EC2B8E12A1002562F3 /* ProfileBuilder.swift */,
				7FE563EE2B8E2E8C002562F3 /* DetentsViewController.swift */,
				7FE564812B8F567F002562F3 /* ProfileCoordinator.swift */,
			);
			path = Profile;
			sourceTree = "<group>";
		};
		7FE564742B8F2871002562F3 /* AuthorizationViewController */ = {
			isa = PBXGroup;
			children = (
				7FE564752B8F2871002562F3 /* AuthorizationPresenter.swift */,
				7FE564762B8F2871002562F3 /* AuthorizationViewController.swift */,
				7FE564772B8F2871002562F3 /* AuthorizationModel.swift */,
				7FE564832B8F628B002562F3 /* AuthorizationCoordinator.swift */,
			);
			path = AuthorizationViewController;
			sourceTree = "<group>";
		};
/* End PBXGroup section */

/* Begin PBXNativeTarget section */
		7FE5637D2B8CD095002562F3 /* RecipeApp */ = {
			isa = PBXNativeTarget;
			buildConfigurationList = 7FE563922B8CD097002562F3 /* Build configuration list for PBXNativeTarget "RecipeApp" */;
			buildPhases = (
				7FE563962B8CD38F002562F3 /* SwiftFormat */,
				7FE563952B8CD37E002562F3 /* Swiftlint */,
				7FE5637A2B8CD095002562F3 /* Sources */,
				7FE5637B2B8CD095002562F3 /* Frameworks */,
				7FE5637C2B8CD095002562F3 /* Resources */,
			);
			buildRules = (
			);
			dependencies = (
			);
			name = RecipeApp;
			productName = RecipeApp;
			productReference = 7FE5637E2B8CD095002562F3 /* RecipeApp.app */;
			productType = "com.apple.product-type.application";
		};
		7FE563B52B8DBC95002562F3 /* RecipeAppTests */ = {
			isa = PBXNativeTarget;
			buildConfigurationList = 7FE563BC2B8DBC95002562F3 /* Build configuration list for PBXNativeTarget "RecipeAppTests" */;
			buildPhases = (
				7FE563B22B8DBC95002562F3 /* Sources */,
				7FE563B32B8DBC95002562F3 /* Frameworks */,
				7FE563B42B8DBC95002562F3 /* Resources */,
			);
			buildRules = (
			);
			dependencies = (
				7FE563BB2B8DBC95002562F3 /* PBXTargetDependency */,
			);
			name = RecipeAppTests;
			productName = RecipeAppTests;
			productReference = 7FE563B62B8DBC95002562F3 /* RecipeAppTests.xctest */;
			productType = "com.apple.product-type.bundle.unit-test";
		};
/* End PBXNativeTarget section */

/* Begin PBXProject section */
		7FE563762B8CD095002562F3 /* Project object */ = {
			isa = PBXProject;
			attributes = {
				BuildIndependentTargetsInParallel = 1;
				LastSwiftUpdateCheck = 1500;
				LastUpgradeCheck = 1500;
				TargetAttributes = {
					7FE5637D2B8CD095002562F3 = {
						CreatedOnToolsVersion = 15.0.1;
					};
					7FE563B52B8DBC95002562F3 = {
						CreatedOnToolsVersion = 15.0.1;
						TestTargetID = 7FE5637D2B8CD095002562F3;
					};
				};
			};
			buildConfigurationList = 7FE563792B8CD095002562F3 /* Build configuration list for PBXProject "RecipeApp" */;
			compatibilityVersion = "Xcode 14.0";
			developmentRegion = en;
			hasScannedForEncodings = 0;
			knownRegions = (
				en,
				Base,
			);
			mainGroup = 7FE563752B8CD095002562F3;
			productRefGroup = 7FE5637F2B8CD095002562F3 /* Products */;
			projectDirPath = "";
			projectRoot = "";
			targets = (
				7FE5637D2B8CD095002562F3 /* RecipeApp */,
				7FE563B52B8DBC95002562F3 /* RecipeAppTests */,
			);
		};
/* End PBXProject section */

/* Begin PBXResourcesBuildPhase section */
		7FE5637C2B8CD095002562F3 /* Resources */ = {
			isa = PBXResourcesBuildPhase;
			buildActionMask = 2147483647;
			files = (
				7FE5638E2B8CD097002562F3 /* LaunchScreen.storyboard in Resources */,
				7FE5638B2B8CD097002562F3 /* Assets.xcassets in Resources */,
				7FE563892B8CD095002562F3 /* Main.storyboard in Resources */,
			);
			runOnlyForDeploymentPostprocessing = 0;
		};
		7FE563B42B8DBC95002562F3 /* Resources */ = {
			isa = PBXResourcesBuildPhase;
			buildActionMask = 2147483647;
			files = (
			);
			runOnlyForDeploymentPostprocessing = 0;
		};
/* End PBXResourcesBuildPhase section */

/* Begin PBXShellScriptBuildPhase section */
		7FE563952B8CD37E002562F3 /* Swiftlint */ = {
			isa = PBXShellScriptBuildPhase;
			alwaysOutOfDate = 1;
			buildActionMask = 2147483647;
			files = (
			);
			inputFileListPaths = (
			);
			inputPaths = (
			);
			name = Swiftlint;
			outputFileListPaths = (
			);
			outputPaths = (
			);
			runOnlyForDeploymentPostprocessing = 0;
			shellPath = /bin/sh;
			shellScript = "if [[ \"$(uname -m)\" == arm64 ]]; then\n    export PATH=\"/opt/homebrew/bin:$PATH\"\nfi\n\nif which swiftlint > /dev/null; then\n  swiftlint\nelse\n  echo \"warning: SwiftLint not installed, download from https://github.com/realm/SwiftLint\"\nfi\n";
		};
		7FE563962B8CD38F002562F3 /* SwiftFormat */ = {
			isa = PBXShellScriptBuildPhase;
			alwaysOutOfDate = 1;
			buildActionMask = 2147483647;
			files = (
			);
			inputFileListPaths = (
			);
			inputPaths = (
			);
			name = SwiftFormat;
			outputFileListPaths = (
			);
			outputPaths = (
			);
			runOnlyForDeploymentPostprocessing = 0;
			shellPath = /bin/sh;
			shellScript = "if [[ \"$(uname -m)\" == arm64 ]]; then\n    export PATH=\"/opt/homebrew/bin:$PATH\"\nfi\n\nif which swiftformat > /dev/null; then\n  swiftformat .\nelse\n  echo \"warning: SwiftFormat not installed, download from https://github.com/nicklockwood/SwiftFormat\"\nfi\n";
		};
/* End PBXShellScriptBuildPhase section */

/* Begin PBXSourcesBuildPhase section */
		7FE5637A2B8CD095002562F3 /* Sources */ = {
			isa = PBXSourcesBuildPhase;
			buildActionMask = 2147483647;
			files = (
				5E89C5722B93AFD20021D3E1 /* RecipeTextCell.swift in Sources */,
				7F64F6462B959AD600CA9D49 /* RecipeImageCell.swift in Sources */,
				7FE564792B8F2871002562F3 /* AuthorizationViewController.swift in Sources */,
				7FE563AD2B8D1BCE002562F3 /* RecipesPresenter.swift in Sources */,
				5E89C5702B93AFA40021D3E1 /* RecipeImageCell.swift in Sources */,
				7FE564242B8E5239002562F3 /* BaseCoordinator.swift in Sources */,
				5E89C5092B9102100021D3E1 /* RecipesCategories.swift in Sources */,
				7FE5642F2B8F011C002562F3 /* RecipeCoordinator.swift in Sources */,
				7FE563ED2B8E12A1002562F3 /* ProfileBuilder.swift in Sources */,
				7FE563A52B8D0DA2002562F3 /* RecipesViewController.swift in Sources */,
				7FE564822B8F567F002562F3 /* ProfileCoordinator.swift in Sources */,
				7FE563EB2B8E1018002562F3 /* ProfileModel.swift in Sources */,
				7FE563C12B8DC5D2002562F3 /* RecipeModel.swift in Sources */,
				7F64F63E2B95989D00CA9D49 /* Service.swift in Sources */,
				7FCDDBFC2B91BC700065E4E5 /* CategoryViewController.swift in Sources */,
				7FCDDBFD2B91BC700065E4E5 /* CategoriesTableViewCell.swift in Sources */,
				7FCDDBFB2B91BC700065E4E5 /* FoodModel.swift in Sources */,
				7FCDDBFA2B91BC700065E4E5 /* CategoryCoordinator.swift in Sources */,
				7F64F6382B95987500CA9D49 /* FavoritesCoordinator.swift in Sources */,
				7F64F63B2B95987500CA9D49 /* FavoritesViewController.swift in Sources */,
				7FE563AB2B8D0EF1002562F3 /* ProfileViewController.swift in Sources */,
				7F64F6472B959AD600CA9D49 /* RecipeECFTCell.swift in Sources */,
				7FCDDBFF2B91BC700065E4E5 /* SearchTableViewCell.swift in Sources */,
				7F64F63C2B95987500CA9D49 /* FavoritesPresenter.swift in Sources */,
				7FE563C52B8DF24B002562F3 /* ProfileTableViewCell.swift in Sources */,
				7FE563E92B8E0F5D002562F3 /* ProfilePresenter.swift in Sources */,
				7FCDDBF92B91BC700065E4E5 /* CategoryPresenter.swift in Sources */,
				7FCDDBF82B91BC700065E4E5 /* Extension+UITextField.swift in Sources */,
				7FE563A02B8D0998002562F3 /* TabBarViewController.swift in Sources */,
				7FE564282B8E5285002562F3 /* AppCoordinator.swift in Sources */,
				7F64F6442B959AD600CA9D49 /* RecipeTextCell.swift in Sources */,
				7FE563C32B8DE487002562F3 /* HeaderView.swift in Sources */,
				5E89C5742B93AFF80021D3E1 /* RecipeECFTCell.swift in Sources */,
				5E89C5072B909BEA0021D3E1 /* RecipesCustomCell.swift in Sources */,
				7FE5647A2B8F2871002562F3 /* AuthorizationModel.swift in Sources */,
				7FE564782B8F2871002562F3 /* AuthorizationPresenter.swift in Sources */,
				7FE563822B8CD095002562F3 /* AppDelegate.swift in Sources */,
				7FE564842B8F628B002562F3 /* AuthorizationCoordinator.swift in Sources */,
				5E89C50B2B9107F60021D3E1 /* DishCategory.swift in Sources */,
				7FE563AF2B8D23F5002562F3 /* RecipesBuilder.swift in Sources */,
				7FCDDBFE2B91BC700065E4E5 /* FilterTableViewCell.swift in Sources */,
				7FE563EF2B8E2E8C002562F3 /* DetentsViewController.swift in Sources */,
				7F64F63A2B95987500CA9D49 /* EmptyView.swift in Sources */,
				7F64F6452B959AD600CA9D49 /* RecipeDescriptionController.swift in Sources */,
				7F64F6392B95987500CA9D49 /* FavoritesBuilder.swift in Sources */,
				5E89C56E2B93AF6A0021D3E1 /* RecipeDescriptionController.swift in Sources */,
				7FE563842B8CD095002562F3 /* SceneDelegate.swift in Sources */,
			);
			runOnlyForDeploymentPostprocessing = 0;
		};
		7FE563B22B8DBC95002562F3 /* Sources */ = {
			isa = PBXSourcesBuildPhase;
			buildActionMask = 2147483647;
			files = (
			);
			runOnlyForDeploymentPostprocessing = 0;
		};
/* End PBXSourcesBuildPhase section */

/* Begin PBXTargetDependency section */
		7FE563BB2B8DBC95002562F3 /* PBXTargetDependency */ = {
			isa = PBXTargetDependency;
			target = 7FE5637D2B8CD095002562F3 /* RecipeApp */;
			targetProxy = 7FE563BA2B8DBC95002562F3 /* PBXContainerItemProxy */;
		};
/* End PBXTargetDependency section */

/* Begin PBXVariantGroup section */
		7FE563872B8CD095002562F3 /* Main.storyboard */ = {
			isa = PBXVariantGroup;
			children = (
				7FE563882B8CD095002562F3 /* Base */,
			);
			name = Main.storyboard;
			sourceTree = "<group>";
		};
		7FE5638C2B8CD097002562F3 /* LaunchScreen.storyboard */ = {
			isa = PBXVariantGroup;
			children = (
				7FE5638D2B8CD097002562F3 /* Base */,
			);
			name = LaunchScreen.storyboard;
			sourceTree = "<group>";
		};
/* End PBXVariantGroup section */

/* Begin XCBuildConfiguration section */
		7FE563902B8CD097002562F3 /* Debug */ = {
			isa = XCBuildConfiguration;
			buildSettings = {
				ALWAYS_SEARCH_USER_PATHS = NO;
				ASSETCATALOG_COMPILER_GENERATE_SWIFT_ASSET_SYMBOL_EXTENSIONS = YES;
				CLANG_ANALYZER_NONNULL = YES;
				CLANG_ANALYZER_NUMBER_OBJECT_CONVERSION = YES_AGGRESSIVE;
				CLANG_CXX_LANGUAGE_STANDARD = "gnu++20";
				CLANG_ENABLE_MODULES = YES;
				CLANG_ENABLE_OBJC_ARC = YES;
				CLANG_ENABLE_OBJC_WEAK = YES;
				CLANG_WARN_BLOCK_CAPTURE_AUTORELEASING = YES;
				CLANG_WARN_BOOL_CONVERSION = YES;
				CLANG_WARN_COMMA = YES;
				CLANG_WARN_CONSTANT_CONVERSION = YES;
				CLANG_WARN_DEPRECATED_OBJC_IMPLEMENTATIONS = YES;
				CLANG_WARN_DIRECT_OBJC_ISA_USAGE = YES_ERROR;
				CLANG_WARN_DOCUMENTATION_COMMENTS = YES;
				CLANG_WARN_EMPTY_BODY = YES;
				CLANG_WARN_ENUM_CONVERSION = YES;
				CLANG_WARN_INFINITE_RECURSION = YES;
				CLANG_WARN_INT_CONVERSION = YES;
				CLANG_WARN_NON_LITERAL_NULL_CONVERSION = YES;
				CLANG_WARN_OBJC_IMPLICIT_RETAIN_SELF = YES;
				CLANG_WARN_OBJC_LITERAL_CONVERSION = YES;
				CLANG_WARN_OBJC_ROOT_CLASS = YES_ERROR;
				CLANG_WARN_QUOTED_INCLUDE_IN_FRAMEWORK_HEADER = YES;
				CLANG_WARN_RANGE_LOOP_ANALYSIS = YES;
				CLANG_WARN_STRICT_PROTOTYPES = YES;
				CLANG_WARN_SUSPICIOUS_MOVE = YES;
				CLANG_WARN_UNGUARDED_AVAILABILITY = YES_AGGRESSIVE;
				CLANG_WARN_UNREACHABLE_CODE = YES;
				CLANG_WARN__DUPLICATE_METHOD_MATCH = YES;
				COPY_PHASE_STRIP = NO;
				DEBUG_INFORMATION_FORMAT = dwarf;
				ENABLE_STRICT_OBJC_MSGSEND = YES;
				ENABLE_TESTABILITY = YES;
				ENABLE_USER_SCRIPT_SANDBOXING = YES;
				GCC_C_LANGUAGE_STANDARD = gnu17;
				GCC_DYNAMIC_NO_PIC = NO;
				GCC_NO_COMMON_BLOCKS = YES;
				GCC_OPTIMIZATION_LEVEL = 0;
				GCC_PREPROCESSOR_DEFINITIONS = (
					"DEBUG=1",
					"$(inherited)",
				);
				GCC_WARN_64_TO_32_BIT_CONVERSION = YES;
				GCC_WARN_ABOUT_RETURN_TYPE = YES_ERROR;
				GCC_WARN_UNDECLARED_SELECTOR = YES;
				GCC_WARN_UNINITIALIZED_AUTOS = YES_AGGRESSIVE;
				GCC_WARN_UNUSED_FUNCTION = YES;
				GCC_WARN_UNUSED_VARIABLE = YES;
				IPHONEOS_DEPLOYMENT_TARGET = 17.0;
				LOCALIZATION_PREFERS_STRING_CATALOGS = YES;
				MTL_ENABLE_DEBUG_INFO = INCLUDE_SOURCE;
				MTL_FAST_MATH = YES;
				ONLY_ACTIVE_ARCH = YES;
				SDKROOT = iphoneos;
				SWIFT_ACTIVE_COMPILATION_CONDITIONS = "DEBUG $(inherited)";
				SWIFT_OPTIMIZATION_LEVEL = "-Onone";
			};
			name = Debug;
		};
		7FE563912B8CD097002562F3 /* Release */ = {
			isa = XCBuildConfiguration;
			buildSettings = {
				ALWAYS_SEARCH_USER_PATHS = NO;
				ASSETCATALOG_COMPILER_GENERATE_SWIFT_ASSET_SYMBOL_EXTENSIONS = YES;
				CLANG_ANALYZER_NONNULL = YES;
				CLANG_ANALYZER_NUMBER_OBJECT_CONVERSION = YES_AGGRESSIVE;
				CLANG_CXX_LANGUAGE_STANDARD = "gnu++20";
				CLANG_ENABLE_MODULES = YES;
				CLANG_ENABLE_OBJC_ARC = YES;
				CLANG_ENABLE_OBJC_WEAK = YES;
				CLANG_WARN_BLOCK_CAPTURE_AUTORELEASING = YES;
				CLANG_WARN_BOOL_CONVERSION = YES;
				CLANG_WARN_COMMA = YES;
				CLANG_WARN_CONSTANT_CONVERSION = YES;
				CLANG_WARN_DEPRECATED_OBJC_IMPLEMENTATIONS = YES;
				CLANG_WARN_DIRECT_OBJC_ISA_USAGE = YES_ERROR;
				CLANG_WARN_DOCUMENTATION_COMMENTS = YES;
				CLANG_WARN_EMPTY_BODY = YES;
				CLANG_WARN_ENUM_CONVERSION = YES;
				CLANG_WARN_INFINITE_RECURSION = YES;
				CLANG_WARN_INT_CONVERSION = YES;
				CLANG_WARN_NON_LITERAL_NULL_CONVERSION = YES;
				CLANG_WARN_OBJC_IMPLICIT_RETAIN_SELF = YES;
				CLANG_WARN_OBJC_LITERAL_CONVERSION = YES;
				CLANG_WARN_OBJC_ROOT_CLASS = YES_ERROR;
				CLANG_WARN_QUOTED_INCLUDE_IN_FRAMEWORK_HEADER = YES;
				CLANG_WARN_RANGE_LOOP_ANALYSIS = YES;
				CLANG_WARN_STRICT_PROTOTYPES = YES;
				CLANG_WARN_SUSPICIOUS_MOVE = YES;
				CLANG_WARN_UNGUARDED_AVAILABILITY = YES_AGGRESSIVE;
				CLANG_WARN_UNREACHABLE_CODE = YES;
				CLANG_WARN__DUPLICATE_METHOD_MATCH = YES;
				COPY_PHASE_STRIP = NO;
				DEBUG_INFORMATION_FORMAT = "dwarf-with-dsym";
				ENABLE_NS_ASSERTIONS = NO;
				ENABLE_STRICT_OBJC_MSGSEND = YES;
				ENABLE_USER_SCRIPT_SANDBOXING = YES;
				GCC_C_LANGUAGE_STANDARD = gnu17;
				GCC_NO_COMMON_BLOCKS = YES;
				GCC_WARN_64_TO_32_BIT_CONVERSION = YES;
				GCC_WARN_ABOUT_RETURN_TYPE = YES_ERROR;
				GCC_WARN_UNDECLARED_SELECTOR = YES;
				GCC_WARN_UNINITIALIZED_AUTOS = YES_AGGRESSIVE;
				GCC_WARN_UNUSED_FUNCTION = YES;
				GCC_WARN_UNUSED_VARIABLE = YES;
				IPHONEOS_DEPLOYMENT_TARGET = 17.0;
				LOCALIZATION_PREFERS_STRING_CATALOGS = YES;
				MTL_ENABLE_DEBUG_INFO = NO;
				MTL_FAST_MATH = YES;
				SDKROOT = iphoneos;
				SWIFT_COMPILATION_MODE = wholemodule;
				VALIDATE_PRODUCT = YES;
			};
			name = Release;
		};
		7FE563932B8CD097002562F3 /* Debug */ = {
			isa = XCBuildConfiguration;
			buildSettings = {
				ASSETCATALOG_COMPILER_APPICON_NAME = AppIcon;
				ASSETCATALOG_COMPILER_GLOBAL_ACCENT_COLOR_NAME = AccentColor;
				CODE_SIGN_STYLE = Automatic;
				CURRENT_PROJECT_VERSION = 1;
				ENABLE_USER_SCRIPT_SANDBOXING = NO;
				GENERATE_INFOPLIST_FILE = YES;
				INFOPLIST_FILE = RecipeApp/App/Info.plist;
				INFOPLIST_KEY_UIApplicationSupportsIndirectInputEvents = YES;
				INFOPLIST_KEY_UILaunchStoryboardName = LaunchScreen;
				INFOPLIST_KEY_UIMainStoryboardFile = Main;
				INFOPLIST_KEY_UISupportedInterfaceOrientations_iPad = "UIInterfaceOrientationPortrait UIInterfaceOrientationPortraitUpsideDown UIInterfaceOrientationLandscapeLeft UIInterfaceOrientationLandscapeRight";
				INFOPLIST_KEY_UISupportedInterfaceOrientations_iPhone = "UIInterfaceOrientationPortrait UIInterfaceOrientationLandscapeLeft UIInterfaceOrientationLandscapeRight";
				IPHONEOS_DEPLOYMENT_TARGET = 16.4;
				LD_RUNPATH_SEARCH_PATHS = (
					"$(inherited)",
					"@executable_path/Frameworks",
				);
				MARKETING_VERSION = 1.0;
				PRODUCT_BUNDLE_IDENTIFIER = adad.RecipeApp;
				PRODUCT_NAME = "$(TARGET_NAME)";
				SWIFT_EMIT_LOC_STRINGS = YES;
				SWIFT_VERSION = 5.0;
				TARGETED_DEVICE_FAMILY = "1,2";
			};
			name = Debug;
		};
		7FE563942B8CD097002562F3 /* Release */ = {
			isa = XCBuildConfiguration;
			buildSettings = {
				ASSETCATALOG_COMPILER_APPICON_NAME = AppIcon;
				ASSETCATALOG_COMPILER_GLOBAL_ACCENT_COLOR_NAME = AccentColor;
				CODE_SIGN_STYLE = Automatic;
				CURRENT_PROJECT_VERSION = 1;
				ENABLE_USER_SCRIPT_SANDBOXING = NO;
				GENERATE_INFOPLIST_FILE = YES;
				INFOPLIST_FILE = RecipeApp/App/Info.plist;
				INFOPLIST_KEY_UIApplicationSupportsIndirectInputEvents = YES;
				INFOPLIST_KEY_UILaunchStoryboardName = LaunchScreen;
				INFOPLIST_KEY_UIMainStoryboardFile = Main;
				INFOPLIST_KEY_UISupportedInterfaceOrientations_iPad = "UIInterfaceOrientationPortrait UIInterfaceOrientationPortraitUpsideDown UIInterfaceOrientationLandscapeLeft UIInterfaceOrientationLandscapeRight";
				INFOPLIST_KEY_UISupportedInterfaceOrientations_iPhone = "UIInterfaceOrientationPortrait UIInterfaceOrientationLandscapeLeft UIInterfaceOrientationLandscapeRight";
				IPHONEOS_DEPLOYMENT_TARGET = 16.4;
				LD_RUNPATH_SEARCH_PATHS = (
					"$(inherited)",
					"@executable_path/Frameworks",
				);
				MARKETING_VERSION = 1.0;
				PRODUCT_BUNDLE_IDENTIFIER = adad.RecipeApp;
				PRODUCT_NAME = "$(TARGET_NAME)";
				SWIFT_EMIT_LOC_STRINGS = YES;
				SWIFT_VERSION = 5.0;
				TARGETED_DEVICE_FAMILY = "1,2";
			};
			name = Release;
		};
		7FE563BD2B8DBC95002562F3 /* Debug */ = {
			isa = XCBuildConfiguration;
			buildSettings = {
				BUNDLE_LOADER = "$(TEST_HOST)";
				CODE_SIGN_STYLE = Automatic;
				CURRENT_PROJECT_VERSION = 1;
				GENERATE_INFOPLIST_FILE = YES;
				MARKETING_VERSION = 1.0;
				PRODUCT_BUNDLE_IDENTIFIER = adad.RecipeAppTests;
				PRODUCT_NAME = "$(TARGET_NAME)";
				SWIFT_EMIT_LOC_STRINGS = NO;
				SWIFT_VERSION = 5.0;
				TARGETED_DEVICE_FAMILY = "1,2";
				TEST_HOST = "$(BUILT_PRODUCTS_DIR)/RecipeApp.app/$(BUNDLE_EXECUTABLE_FOLDER_PATH)/RecipeApp";
			};
			name = Debug;
		};
		7FE563BE2B8DBC95002562F3 /* Release */ = {
			isa = XCBuildConfiguration;
			buildSettings = {
				BUNDLE_LOADER = "$(TEST_HOST)";
				CODE_SIGN_STYLE = Automatic;
				CURRENT_PROJECT_VERSION = 1;
				GENERATE_INFOPLIST_FILE = YES;
				MARKETING_VERSION = 1.0;
				PRODUCT_BUNDLE_IDENTIFIER = adad.RecipeAppTests;
				PRODUCT_NAME = "$(TARGET_NAME)";
				SWIFT_EMIT_LOC_STRINGS = NO;
				SWIFT_VERSION = 5.0;
				TARGETED_DEVICE_FAMILY = "1,2";
				TEST_HOST = "$(BUILT_PRODUCTS_DIR)/RecipeApp.app/$(BUNDLE_EXECUTABLE_FOLDER_PATH)/RecipeApp";
			};
			name = Release;
		};
/* End XCBuildConfiguration section */

/* Begin XCConfigurationList section */
		7FE563792B8CD095002562F3 /* Build configuration list for PBXProject "RecipeApp" */ = {
			isa = XCConfigurationList;
			buildConfigurations = (
				7FE563902B8CD097002562F3 /* Debug */,
				7FE563912B8CD097002562F3 /* Release */,
			);
			defaultConfigurationIsVisible = 0;
			defaultConfigurationName = Release;
		};
		7FE563922B8CD097002562F3 /* Build configuration list for PBXNativeTarget "RecipeApp" */ = {
			isa = XCConfigurationList;
			buildConfigurations = (
				7FE563932B8CD097002562F3 /* Debug */,
				7FE563942B8CD097002562F3 /* Release */,
			);
			defaultConfigurationIsVisible = 0;
			defaultConfigurationName = Release;
		};
		7FE563BC2B8DBC95002562F3 /* Build configuration list for PBXNativeTarget "RecipeAppTests" */ = {
			isa = XCConfigurationList;
			buildConfigurations = (
				7FE563BD2B8DBC95002562F3 /* Debug */,
				7FE563BE2B8DBC95002562F3 /* Release */,
			);
			defaultConfigurationIsVisible = 0;
			defaultConfigurationName = Release;
		};
/* End XCConfigurationList section */
	};
	rootObject = 7FE563762B8CD095002562F3 /* Project object */;
}
